// !$*UTF8*$!
{
archiveVersion = 1; classes = {}; objectVersion = 56;
objects = {
361EEC030D527B635646ABBE = {isa = PBXFileReference; lastKnownFileType = sourcecode.swift; path = "AITrainer/App/AITrainerApp.swift"; sourceTree = "<group>";};
4CD2841A4290F8C630FC269D = {isa = PBXBuildFile; fileRef = 361EEC030D527B635646ABBE;};
2C201F0EB98448EEEBE4A7BB = {isa = PBXFileReference; lastKnownFileType = sourcecode.swift; path = "AITrainer/Features/CoachView.swift"; sourceTree = "<group>";};
BC29050705311E0D2EE8C4D5 = {isa = PBXBuildFile; fileRef = 2C201F0EB98448EEEBE4A7BB;};
D37AB04BF5B4EE34C8879749 = {isa = PBXFileReference; lastKnownFileType = sourcecode.swift; path = "AITrainer/Features/HistoryView.swift"; sourceTree = "<group>";};
CD2B9B0AFCF9E15850D71AB9 = {isa = PBXBuildFile; fileRef = D37AB04BF5B4EE34C8879749;};
24B1F2DD8B4EE2C18A4CC18F = {isa = PBXFileReference; lastKnownFileType = sourcecode.swift; path = "AITrainer/Features/LabsView.swift"; sourceTree = "<group>";};
A13881E9ADD4192F95BA9010 = {isa = PBXBuildFile; fileRef = 24B1F2DD8B4EE2C18A4CC18F;};
A336427BC5265B404F7CAA8B = {isa = PBXFileReference; lastKnownFileType = sourcecode.swift; path = "AITrainer/Features/NutritionView.swift"; sourceTree = "<group>";};
F965DD7ABE806D0536AF56EB = {isa = PBXBuildFile; fileRef = A336427BC5265B404F7CAA8B;};
371ACC00066075256A618F6D = {isa = PBXFileReference; lastKnownFileType = sourcecode.swift; path = "AITrainer/Features/OnboardingView.swift"; sourceTree = "<group>";};
8C2315F898032693F64285BE = {isa = PBXBuildFile; fileRef = 371ACC00066075256A618F6D;};
C4F9C43DC87111C9AC5AF8B2 = {isa = PBXFileReference; lastKnownFileType = sourcecode.swift; path = "AITrainer/Features/SettingsView.swift"; sourceTree = "<group>";};
CD7FFCAAB6EBAF187C296BDB = {isa = PBXBuildFile; fileRef = C4F9C43DC87111C9AC5AF8B2;};
8CC8D684C40EB12AD3B8782F = {isa = PBXFileReference; lastKnownFileType = sourcecode.swift; path = "AITrainer/Features/TodayView.swift"; sourceTree = "<group>";};
87FE18460D6E5CB373E2EC26 = {isa = PBXBuildFile; fileRef = 8CC8D684C40EB12AD3B8782F;};
54EB8057F012A5E362B41B6D = {isa = PBXFileReference; lastKnownFileType = sourcecode.swift; path = "AITrainer/Features/WorkoutView.swift"; sourceTree = "<group>";};
128668F1D8D39CA3717E16FA = {isa = PBXBuildFile; fileRef = 54EB8057F012A5E362B41B6D;};
6BE22AE1A59F9AEA7618974F = {isa = PBXFileReference; lastKnownFileType = sourcecode.swift; path = "AITrainer/Services/CameraService.swift"; sourceTree = "<group>";};
070C3435E531C800F6804AD5 = {isa = PBXBuildFile; fileRef = 6BE22AE1A59F9AEA7618974F;};
4344E19B83A4827D66ED9596 = {isa = PBXFileReference; lastKnownFileType = sourcecode.swift; path = "AITrainer/Services/HealthKitService.swift"; sourceTree = "<group>";};
C3309D4254DA71C5E48DA166 = {isa = PBXBuildFile; fileRef = 4344E19B83A4827D66ED9596;};
96ED5C5789B174A01557791C = {isa = PBXFileReference; lastKnownFileType = text.xml; path = AITrainer/Resources/PrivacyInfo.xcprivacy; sourceTree = "<group>";};
07B760A8663938679E1BD8F1 = {isa = PBXBuildFile; fileRef = 96ED5C5789B174A01557791C;};
38A007151ABE87CC01A5B6E9 = {isa = PBXFileReference; explicitFileType = wrapper.application; path = AITrainer.app; sourceTree = BUILT_PRODUCTS_DIR;};
FBDC4F23F93125BBEEAE800C = {isa = PBXGroup; children = (38A007151ABE87CC01A5B6E9,); name = Products; sourceTree = "<group>";};
B28B7AF69320201D1CF206EB = {isa = PBXGroup; children = (361EEC030D527B635646ABBE,2C201F0EB98448EEEBE4A7BB,D37AB04BF5B4EE34C8879749,24B1F2DD8B4EE2C18A4CC18F,A336427BC5265B404F7CAA8B,371ACC00066075256A618F6D,C4F9C43DC87111C9AC5AF8B2,8CC8D684C40EB12AD3B8782F,54EB8057F012A5E362B41B6D,6BE22AE1A59F9AEA7618974F,4344E19B83A4827D66ED9596,96ED5C5789B174A01557791C,FBDC4F23F93125BBEEAE800C,); sourceTree = "<group>";};
582681C2EAE02B3F3D399C0C = {isa = XCLocalSwiftPackageReference; relativePath = ..;};
E55A8CC6397119BC2F346606 = {isa = XCSwiftPackageProductDependency; package = 582681C2EAE02B3F3D399C0C; productName = AITrainerCore;};
03888ACBB57965075CB3B61F = {isa = PBXBuildFile; productRef = E55A8CC6397119BC2F346606;};
D3C3E067FC1BBCCEAA4D9313 = {isa = PBXSourcesBuildPhase; buildActionMask = 2147483647; files = (4CD2841A4290F8C630FC269D,BC29050705311E0D2EE8C4D5,CD2B9B0AFCF9E15850D71AB9,A13881E9ADD4192F95BA9010,F965DD7ABE806D0536AF56EB,8C2315F898032693F64285BE,CD7FFCAAB6EBAF187C296BDB,87FE18460D6E5CB373E2EC26,128668F1D8D39CA3717E16FA,070C3435E531C800F6804AD5,C3309D4254DA71C5E48DA166,); runOnlyForDeploymentPostprocessing = 0;};
ECE2D868E17AEF81A05610A3 = {isa = PBXResourcesBuildPhase; buildActionMask = 2147483647; files = (07B760A8663938679E1BD8F1,); runOnlyForDeploymentPostprocessing = 0;};
BEE832DE65DB5CA7507F7EF9 = {isa = PBXFrameworksBuildPhase; buildActionMask = 2147483647; files = (03888ACBB57965075CB3B61F,); runOnlyForDeploymentPostprocessing = 0;};
89E1FD6268CC0F221A2BE178 = {isa = XCBuildConfiguration; name = Debug; buildSettings = {CLANG_ENABLE_MODULES = YES; SDKROOT = iphoneos; IPHONEOS_DEPLOYMENT_TARGET = 17.0; SWIFT_VERSION = 5.0;};};
7082CC0B6FC1282FCEABD07A = {isa = XCBuildConfiguration; name = Debug; buildSettings = {PRODUCT_BUNDLE_IDENTIFIER = com.ghoshayush.AITrainer; PRODUCT_NAME = AITrainer; INFOPLIST_FILE = AITrainer/Resources/Info.plist; CODE_SIGN_ENTITLEMENTS = AITrainer/Resources/AITrainer.entitlements; CODE_SIGN_STYLE = Automatic; TARGETED_DEVICE_FAMILY = 1; IPHONEOS_DEPLOYMENT_TARGET = 17.0; SWIFT_VERSION = 5.0; SWIFT_STRICT_CONCURRENCY = targeted; GENERATE_INFOPLIST_FILE = NO; CURRENT_PROJECT_VERSION = 1; MARKETING_VERSION = 0.1.0; LD_RUNPATH_SEARCH_PATHS = ("$(inherited)", "@executable_path/Frameworks"); SUPPORTED_PLATFORMS = "iphoneos iphonesimulator"; ENABLE_USER_SCRIPT_SANDBOXING = YES; SWIFT_ACTIVE_COMPILATION_CONDITIONS = DEBUG; SWIFT_OPTIMIZATION_LEVEL = "-Onone"; DEBUG_INFORMATION_FORMAT = dwarf; ENABLE_TESTABILITY = YES;};};
E6DE6C99132752C914FEF632 = {isa = XCBuildConfiguration; name = Release; buildSettings = {CLANG_ENABLE_MODULES = YES; SDKROOT = iphoneos; IPHONEOS_DEPLOYMENT_TARGET = 17.0; SWIFT_VERSION = 5.0;};};
639A7CA24D39909E713B47F7 = {isa = XCBuildConfiguration; name = Release; buildSettings = {PRODUCT_BUNDLE_IDENTIFIER = com.ghoshayush.AITrainer; PRODUCT_NAME = AITrainer; INFOPLIST_FILE = AITrainer/Resources/Info.plist; CODE_SIGN_ENTITLEMENTS = AITrainer/Resources/AITrainer.entitlements; CODE_SIGN_STYLE = Automatic; TARGETED_DEVICE_FAMILY = 1; IPHONEOS_DEPLOYMENT_TARGET = 17.0; SWIFT_VERSION = 5.0; SWIFT_STRICT_CONCURRENCY = targeted; GENERATE_INFOPLIST_FILE = NO; CURRENT_PROJECT_VERSION = 1; MARKETING_VERSION = 0.1.0; LD_RUNPATH_SEARCH_PATHS = ("$(inherited)", "@executable_path/Frameworks"); SUPPORTED_PLATFORMS = "iphoneos iphonesimulator"; ENABLE_USER_SCRIPT_SANDBOXING = YES; SWIFT_OPTIMIZATION_LEVEL = "-O"; DEBUG_INFORMATION_FORMAT = "dwarf-with-dsym";};};
FBD3510CED826C9DAA696E48 = {isa = XCConfigurationList; buildConfigurations = (89E1FD6268CC0F221A2BE178,E6DE6C99132752C914FEF632,); defaultConfigurationIsVisible = 0; defaultConfigurationName = Release;};
DBC1F132A3B6D94B1DF33607 = {isa = XCConfigurationList; buildConfigurations = (7082CC0B6FC1282FCEABD07A,639A7CA24D39909E713B47F7,); defaultConfigurationIsVisible = 0; defaultConfigurationName = Release;};
0E8A3AD980EC179856012B7E = {isa = PBXNativeTarget; buildConfigurationList = DBC1F132A3B6D94B1DF33607; buildPhases = (D3C3E067FC1BBCCEAA4D9313,BEE832DE65DB5CA7507F7EF9,ECE2D868E17AEF81A05610A3,); buildRules = (); dependencies = (); name = AITrainer; packageProductDependencies = (E55A8CC6397119BC2F346606,); productName = AITrainer; productReference = 38A007151ABE87CC01A5B6E9; productType = "com.apple.product-type.application";};
98F54143AB4E86B28C3AFEE0 = {isa = PBXProject; attributes = {LastUpgradeCheck = 1600; TargetAttributes = {0E8A3AD980EC179856012B7E = {CreatedOnToolsVersion = 16.0; SystemCapabilities = {com.apple.HealthKit = {enabled = 1;};};};};}; buildConfigurationList = FBD3510CED826C9DAA696E48; compatibilityVersion = "Xcode 14.0"; developmentRegion = en; hasScannedForEncodings = 0; knownRegions = (en,Base,); mainGroup = B28B7AF69320201D1CF206EB; packageReferences = (582681C2EAE02B3F3D399C0C,); productRefGroup = FBDC4F23F93125BBEEAE800C; projectDirPath = ""; projectRoot = ""; targets = (0E8A3AD980EC179856012B7E,);};
};
rootObject = 98F54143AB4E86B28C3AFEE0;
}
